// !$*UTF8*$!
{
	archiveVersion = 1;
	classes = {
	};
	objectVersion = 46;
	objects = {

/* Begin PBXBuildFile section */
		88541A25DB51D40291CA1B50 /* Pods_Pokedex.framework in Frameworks */ = {isa = PBXBuildFile; fileRef = 8CDA84BBAD2DBA0C1FE746E2 /* Pods_Pokedex.framework */; };
		F432123E1D7CC6F40048ABB3 /* pokemon.ttf in Resources */ = {isa = PBXBuildFile; fileRef = F432123D1D7CC6F40048ABB3 /* pokemon.ttf */; };
		F43212401D7CC8660048ABB3 /* music.mp3 in Resources */ = {isa = PBXBuildFile; fileRef = F432123F1D7CC8660048ABB3 /* music.mp3 */; };
		F43212421D7CE2030048ABB3 /* PokemonDetailViewController.swift in Sources */ = {isa = PBXBuildFile; fileRef = F43212411D7CE2030048ABB3 /* PokemonDetailViewController.swift */; };
		F448BCD81D7CBBEB00E754A5 /* csv.swift in Sources */ = {isa = PBXBuildFile; fileRef = F448BCD71D7CBBEB00E754A5 /* csv.swift */; };
		F45F51611D7BFF07000C2A18 /* AppDelegate.swift in Sources */ = {isa = PBXBuildFile; fileRef = F45F51601D7BFF07000C2A18 /* AppDelegate.swift */; };
		F45F51631D7BFF07000C2A18 /* MainViewContorller.swift in Sources */ = {isa = PBXBuildFile; fileRef = F45F51621D7BFF07000C2A18 /* MainViewContorller.swift */; };
		F45F51661D7BFF07000C2A18 /* Main.storyboard in Resources */ = {isa = PBXBuildFile; fileRef = F45F51641D7BFF07000C2A18 /* Main.storyboard */; };
		F45F51681D7BFF07000C2A18 /* Assets.xcassets in Resources */ = {isa = PBXBuildFile; fileRef = F45F51671D7BFF07000C2A18 /* Assets.xcassets */; };
		F45F516B1D7BFF07000C2A18 /* LaunchScreen.storyboard in Resources */ = {isa = PBXBuildFile; fileRef = F45F51691D7BFF07000C2A18 /* LaunchScreen.storyboard */; };
		F45F51741D7BFF1D000C2A18 /* Pokemon.swift in Sources */ = {isa = PBXBuildFile; fileRef = F45F51731D7BFF1D000C2A18 /* Pokemon.swift */; };
		F45F51761D7C08AD000C2A18 /* pokemon.csv in Resources */ = {isa = PBXBuildFile; fileRef = F45F51751D7C08AD000C2A18 /* pokemon.csv */; };
		F45F517A1D7C0AAA000C2A18 /* PokeCell.swift in Sources */ = {isa = PBXBuildFile; fileRef = F45F51791D7C0AAA000C2A18 /* PokeCell.swift */; };
		F4B3A5EE1D94DA8F00753A59 /* PokeMove.swift in Sources */ = {isa = PBXBuildFile; fileRef = F4B3A5ED1D94DA8F00753A59 /* PokeMove.swift */; };
		F4D31CF11F5E6CE000A2B6CC /* AppStyles.swift in Sources */ = {isa = PBXBuildFile; fileRef = F4D31CF01F5E6CE000A2B6CC /* AppStyles.swift */; };
		F4D31CF31F5E81A900A2B6CC /* PokeButton.swift in Sources */ = {isa = PBXBuildFile; fileRef = F4D31CF21F5E81A800A2B6CC /* PokeButton.swift */; };
		F4F932CC1D7E559D002D3019 /* Constants.swift in Sources */ = {isa = PBXBuildFile; fileRef = F4F932CB1D7E559D002D3019 /* Constants.swift */; };
/* End PBXBuildFile section */

/* Begin PBXFileReference section */
		8CDA84BBAD2DBA0C1FE746E2 /* Pods_Pokedex.framework */ = {isa = PBXFileReference; explicitFileType = wrapper.framework; includeInIndex = 0; path = Pods_Pokedex.framework; sourceTree = BUILT_PRODUCTS_DIR; };
		B04FDC970C909F88F41FA239 /* Pods-Pokedex.debug.xcconfig */ = {isa = PBXFileReference; includeInIndex = 1; lastKnownFileType = text.xcconfig; name = "Pods-Pokedex.debug.xcconfig"; path = "Pods/Target Support Files/Pods-Pokedex/Pods-Pokedex.debug.xcconfig"; sourceTree = "<group>"; };
		D631E2BCB0CEF7FE0C91A710 /* Pods-Pokedex.release.xcconfig */ = {isa = PBXFileReference; includeInIndex = 1; lastKnownFileType = text.xcconfig; name = "Pods-Pokedex.release.xcconfig"; path = "Pods/Target Support Files/Pods-Pokedex/Pods-Pokedex.release.xcconfig"; sourceTree = "<group>"; };
		F432123D1D7CC6F40048ABB3 /* pokemon.ttf */ = {isa = PBXFileReference; lastKnownFileType = file; path = pokemon.ttf; sourceTree = "<group>"; };
		F432123F1D7CC8660048ABB3 /* music.mp3 */ = {isa = PBXFileReference; lastKnownFileType = audio.mp3; path = music.mp3; sourceTree = "<group>"; };
		F43212411D7CE2030048ABB3 /* PokemonDetailViewController.swift */ = {isa = PBXFileReference; fileEncoding = 4; lastKnownFileType = sourcecode.swift; path = PokemonDetailViewController.swift; sourceTree = "<group>"; };
		F448BCD71D7CBBEB00E754A5 /* csv.swift */ = {isa = PBXFileReference; fileEncoding = 4; lastKnownFileType = sourcecode.swift; path = csv.swift; sourceTree = "<group>"; };
		F45F515D1D7BFF07000C2A18 /* Pokedex.app */ = {isa = PBXFileReference; explicitFileType = wrapper.application; includeInIndex = 0; path = Pokedex.app; sourceTree = BUILT_PRODUCTS_DIR; };
		F45F51601D7BFF07000C2A18 /* AppDelegate.swift */ = {isa = PBXFileReference; lastKnownFileType = sourcecode.swift; path = AppDelegate.swift; sourceTree = "<group>"; };
		F45F51621D7BFF07000C2A18 /* MainViewContorller.swift */ = {isa = PBXFileReference; lastKnownFileType = sourcecode.swift; path = MainViewContorller.swift; sourceTree = "<group>"; };
		F45F51651D7BFF07000C2A18 /* Base */ = {isa = PBXFileReference; lastKnownFileType = file.storyboard; name = Base; path = Base.lproj/Main.storyboard; sourceTree = "<group>"; };
		F45F51671D7BFF07000C2A18 /* Assets.xcassets */ = {isa = PBXFileReference; lastKnownFileType = folder.assetcatalog; path = Assets.xcassets; sourceTree = "<group>"; };
		F45F516A1D7BFF07000C2A18 /* Base */ = {isa = PBXFileReference; lastKnownFileType = file.storyboard; name = Base; path = Base.lproj/LaunchScreen.storyboard; sourceTree = "<group>"; };
		F45F516C1D7BFF07000C2A18 /* Info.plist */ = {isa = PBXFileReference; lastKnownFileType = text.plist.xml; path = Info.plist; sourceTree = "<group>"; };
		F45F51731D7BFF1D000C2A18 /* Pokemon.swift */ = {isa = PBXFileReference; fileEncoding = 4; lastKnownFileType = sourcecode.swift; path = Pokemon.swift; sourceTree = "<group>"; };
		F45F51751D7C08AD000C2A18 /* pokemon.csv */ = {isa = PBXFileReference; fileEncoding = 4; lastKnownFileType = text; path = pokemon.csv; sourceTree = "<group>"; };
		F45F51791D7C0AAA000C2A18 /* PokeCell.swift */ = {isa = PBXFileReference; fileEncoding = 4; lastKnownFileType = sourcecode.swift; path = PokeCell.swift; sourceTree = "<group>"; };
		F4B3A5ED1D94DA8F00753A59 /* PokeMove.swift */ = {isa = PBXFileReference; fileEncoding = 4; lastKnownFileType = sourcecode.swift; path = PokeMove.swift; sourceTree = "<group>"; };
		F4D31CF01F5E6CE000A2B6CC /* AppStyles.swift */ = {isa = PBXFileReference; fileEncoding = 4; lastKnownFileType = sourcecode.swift; path = AppStyles.swift; sourceTree = "<group>"; };
		F4D31CF21F5E81A800A2B6CC /* PokeButton.swift */ = {isa = PBXFileReference; fileEncoding = 4; lastKnownFileType = sourcecode.swift; path = PokeButton.swift; sourceTree = "<group>"; };
		F4F932CB1D7E559D002D3019 /* Constants.swift */ = {isa = PBXFileReference; fileEncoding = 4; lastKnownFileType = sourcecode.swift; path = Constants.swift; sourceTree = "<group>"; };
/* End PBXFileReference section */

/* Begin PBXFrameworksBuildPhase section */
		F45F515A1D7BFF07000C2A18 /* Frameworks */ = {
			isa = PBXFrameworksBuildPhase;
			buildActionMask = 2147483647;
			files = (
				88541A25DB51D40291CA1B50 /* Pods_Pokedex.framework in Frameworks */,
			);
			runOnlyForDeploymentPostprocessing = 0;
		};
/* End PBXFrameworksBuildPhase section */

/* Begin PBXGroup section */
		94703D7868C300E3A613C476 /* Pods */ = {
			isa = PBXGroup;
			children = (
				B04FDC970C909F88F41FA239 /* Pods-Pokedex.debug.xcconfig */,
				D631E2BCB0CEF7FE0C91A710 /* Pods-Pokedex.release.xcconfig */,
			);
			name = Pods;
			sourceTree = "<group>";
		};
		A4AB30545CA11EE63327396D /* Frameworks */ = {
			isa = PBXGroup;
			children = (
				8CDA84BBAD2DBA0C1FE746E2 /* Pods_Pokedex.framework */,
			);
			name = Frameworks;
			sourceTree = "<group>";
		};
		F432123C1D7CC6AA0048ABB3 /* Resources */ = {
			isa = PBXGroup;
			children = (
				F45F51751D7C08AD000C2A18 /* pokemon.csv */,
				F432123D1D7CC6F40048ABB3 /* pokemon.ttf */,
				F432123F1D7CC8660048ABB3 /* music.mp3 */,
			);
			name = Resources;
			sourceTree = "<group>";
		};
		F448BCD91D7CBBF200E754A5 /* Utils */ = {
			isa = PBXGroup;
			children = (
				F448BCD71D7CBBEB00E754A5 /* csv.swift */,
				F4F932CB1D7E559D002D3019 /* Constants.swift */,
				F4D31CF01F5E6CE000A2B6CC /* AppStyles.swift */,
			);
			name = Utils;
			sourceTree = "<group>";
		};
		F45F51541D7BFF07000C2A18 = {
			isa = PBXGroup;
			children = (
				F45F515F1D7BFF07000C2A18 /* Pokedex */,
				F45F515E1D7BFF07000C2A18 /* Products */,
				94703D7868C300E3A613C476 /* Pods */,
				A4AB30545CA11EE63327396D /* Frameworks */,
			);
			sourceTree = "<group>";
		};
		F45F515E1D7BFF07000C2A18 /* Products */ = {
			isa = PBXGroup;
			children = (
				F45F515D1D7BFF07000C2A18 /* Pokedex.app */,
			);
			name = Products;
			sourceTree = "<group>";
		};
		F45F515F1D7BFF07000C2A18 /* Pokedex */ = {
			isa = PBXGroup;
			children = (
				F432123C1D7CC6AA0048ABB3 /* Resources */,
				F448BCD91D7CBBF200E754A5 /* Utils */,
				F45F517B1D7C15B9000C2A18 /* Controller */,
				F45F51771D7C0A7D000C2A18 /* View */,
				F45F51721D7BFF12000C2A18 /* Model */,
				F45F51601D7BFF07000C2A18 /* AppDelegate.swift */,
				F45F51641D7BFF07000C2A18 /* Main.storyboard */,
				F45F51691D7BFF07000C2A18 /* LaunchScreen.storyboard */,
				F45F51671D7BFF07000C2A18 /* Assets.xcassets */,
				F45F516C1D7BFF07000C2A18 /* Info.plist */,
			);
			path = Pokedex;
			sourceTree = "<group>";
		};
		F45F51721D7BFF12000C2A18 /* Model */ = {
			isa = PBXGroup;
			children = (
				F45F51731D7BFF1D000C2A18 /* Pokemon.swift */,
			);
			name = Model;
			sourceTree = "<group>";
		};
		F45F51771D7C0A7D000C2A18 /* View */ = {
			isa = PBXGroup;
			children = (
				F45F51791D7C0AAA000C2A18 /* PokeCell.swift */,
				F4B3A5ED1D94DA8F00753A59 /* PokeMove.swift */,
				F4D31CF21F5E81A800A2B6CC /* PokeButton.swift */,
			);
			name = View;
			sourceTree = "<group>";
		};
		F45F517B1D7C15B9000C2A18 /* Controller */ = {
			isa = PBXGroup;
			children = (
				F45F51621D7BFF07000C2A18 /* MainViewContorller.swift */,
				F43212411D7CE2030048ABB3 /* PokemonDetailViewController.swift */,
			);
			name = Controller;
			sourceTree = "<group>";
		};
/* End PBXGroup section */

/* Begin PBXNativeTarget section */
		F45F515C1D7BFF07000C2A18 /* Pokedex */ = {
			isa = PBXNativeTarget;
			buildConfigurationList = F45F516F1D7BFF07000C2A18 /* Build configuration list for PBXNativeTarget "Pokedex" */;
			buildPhases = (
				021E7A5533ADC8EF7A86100B /* [CP] Check Pods Manifest.lock */,
				F45F51591D7BFF07000C2A18 /* Sources */,
				F45F515A1D7BFF07000C2A18 /* Frameworks */,
				F45F515B1D7BFF07000C2A18 /* Resources */,
				705E390BCA7901B5D0C8FDD5 /* [CP] Embed Pods Frameworks */,
				8B9C8982EA9B06DB4B52D712 /* [CP] Copy Pods Resources */,
			);
			buildRules = (
			);
			dependencies = (
			);
			name = Pokedex;
			productName = Pokedex;
			productReference = F45F515D1D7BFF07000C2A18 /* Pokedex.app */;
			productType = "com.apple.product-type.application";
		};
/* End PBXNativeTarget section */

/* Begin PBXProject section */
		F45F51551D7BFF07000C2A18 /* Project object */ = {
			isa = PBXProject;
			attributes = {
				LastSwiftUpdateCheck = 0800;
				LastUpgradeCheck = 0820;
				ORGANIZATIONNAME = Isomi;
				TargetAttributes = {
					F45F515C1D7BFF07000C2A18 = {
						CreatedOnToolsVersion = 8.0;
						DevelopmentTeam = 7UVZ859XW8;
						LastSwiftMigration = 0800;
						ProvisioningStyle = Automatic;
					};
				};
			};
			buildConfigurationList = F45F51581D7BFF07000C2A18 /* Build configuration list for PBXProject "Pokedex" */;
			compatibilityVersion = "Xcode 3.2";
			developmentRegion = English;
			hasScannedForEncodings = 0;
			knownRegions = (
				en,
				Base,
			);
			mainGroup = F45F51541D7BFF07000C2A18;
			productRefGroup = F45F515E1D7BFF07000C2A18 /* Products */;
			projectDirPath = "";
			projectRoot = "";
			targets = (
				F45F515C1D7BFF07000C2A18 /* Pokedex */,
			);
		};
/* End PBXProject section */

/* Begin PBXResourcesBuildPhase section */
		F45F515B1D7BFF07000C2A18 /* Resources */ = {
			isa = PBXResourcesBuildPhase;
			buildActionMask = 2147483647;
			files = (
				F432123E1D7CC6F40048ABB3 /* pokemon.ttf in Resources */,
				F45F516B1D7BFF07000C2A18 /* LaunchScreen.storyboard in Resources */,
				F43212401D7CC8660048ABB3 /* music.mp3 in Resources */,
				F45F51681D7BFF07000C2A18 /* Assets.xcassets in Resources */,
				F45F51761D7C08AD000C2A18 /* pokemon.csv in Resources */,
				F45F51661D7BFF07000C2A18 /* Main.storyboard in Resources */,
			);
			runOnlyForDeploymentPostprocessing = 0;
		};
/* End PBXResourcesBuildPhase section */

/* Begin PBXShellScriptBuildPhase section */
		021E7A5533ADC8EF7A86100B /* [CP] Check Pods Manifest.lock */ = {
			isa = PBXShellScriptBuildPhase;
			buildActionMask = 2147483647;
			files = (
			);
			inputPaths = (
				"${PODS_PODFILE_DIR_PATH}/Podfile.lock",
				"${PODS_ROOT}/Manifest.lock",
			);
			name = "[CP] Check Pods Manifest.lock";
			outputPaths = (
				"$(DERIVED_FILE_DIR)/Pods-Pokedex-checkManifestLockResult.txt",
			);
			runOnlyForDeploymentPostprocessing = 0;
			shellPath = /bin/sh;
			shellScript = "diff \"${PODS_PODFILE_DIR_PATH}/Podfile.lock\" \"${PODS_ROOT}/Manifest.lock\" > /dev/null\nif [ $? != 0 ] ; then\n    # print error to STDERR\n    echo \"error: The sandbox is not in sync with the Podfile.lock. Run 'pod install' or update your CocoaPods installation.\" >&2\n    exit 1\nfi\n# This output is used by Xcode 'outputs' to avoid re-running this script phase.\necho \"SUCCESS\" > \"${SCRIPT_OUTPUT_FILE_0}\"\n";
			showEnvVarsInLog = 0;
		};
		705E390BCA7901B5D0C8FDD5 /* [CP] Embed Pods Frameworks */ = {
			isa = PBXShellScriptBuildPhase;
			buildActionMask = 2147483647;
			files = (
			);
			inputPaths = (
				"${SRCROOT}/Pods/Target Support Files/Pods-Pokedex/Pods-Pokedex-frameworks.sh",
				"${BUILT_PRODUCTS_DIR}/Alamofire/Alamofire.framework",
			);
			name = "[CP] Embed Pods Frameworks";
			outputPaths = (
				"${TARGET_BUILD_DIR}/${FRAMEWORKS_FOLDER_PATH}/Alamofire.framework",
			);
			runOnlyForDeploymentPostprocessing = 0;
			shellPath = /bin/sh;
			shellScript = "\"${SRCROOT}/Pods/Target Support Files/Pods-Pokedex/Pods-Pokedex-frameworks.sh\"\n";
			showEnvVarsInLog = 0;
		};
		8B9C8982EA9B06DB4B52D712 /* [CP] Copy Pods Resources */ = {
			isa = PBXShellScriptBuildPhase;
			buildActionMask = 2147483647;
			files = (
			);
			inputPaths = (
			);
			name = "[CP] Copy Pods Resources";
			outputPaths = (
			);
			runOnlyForDeploymentPostprocessing = 0;
			shellPath = /bin/sh;
			shellScript = "\"${SRCROOT}/Pods/Target Support Files/Pods-Pokedex/Pods-Pokedex-resources.sh\"\n";
			showEnvVarsInLog = 0;
		};
/* End PBXShellScriptBuildPhase section */

/* Begin PBXSourcesBuildPhase section */
		F45F51591D7BFF07000C2A18 /* Sources */ = {
			isa = PBXSourcesBuildPhase;
			buildActionMask = 2147483647;
			files = (
				F45F517A1D7C0AAA000C2A18 /* PokeCell.swift in Sources */,
				F45F51631D7BFF07000C2A18 /* MainViewContorller.swift in Sources */,
				F45F51611D7BFF07000C2A18 /* AppDelegate.swift in Sources */,
				F4D31CF11F5E6CE000A2B6CC /* AppStyles.swift in Sources */,
				F4D31CF31F5E81A900A2B6CC /* PokeButton.swift in Sources */,
				F43212421D7CE2030048ABB3 /* PokemonDetailViewController.swift in Sources */,
				F4F932CC1D7E559D002D3019 /* Constants.swift in Sources */,
				F45F51741D7BFF1D000C2A18 /* Pokemon.swift in Sources */,
				F448BCD81D7CBBEB00E754A5 /* csv.swift in Sources */,
				F4B3A5EE1D94DA8F00753A59 /* PokeMove.swift in Sources */,
			);
			runOnlyForDeploymentPostprocessing = 0;
		};
/* End PBXSourcesBuildPhase section */

/* Begin PBXVariantGroup section */
		F45F51641D7BFF07000C2A18 /* Main.storyboard */ = {
			isa = PBXVariantGroup;
			children = (
				F45F51651D7BFF07000C2A18 /* Base */,
			);
			name = Main.storyboard;
			sourceTree = "<group>";
		};
		F45F51691D7BFF07000C2A18 /* LaunchScreen.storyboard */ = {
			isa = PBXVariantGroup;
			children = (
				F45F516A1D7BFF07000C2A18 /* Base */,
			);
			name = LaunchScreen.storyboard;
			sourceTree = "<group>";
		};
/* End PBXVariantGroup section */

/* Begin XCBuildConfiguration section */
		F45F516D1D7BFF07000C2A18 /* Debug */ = {
			isa = XCBuildConfiguration;
			buildSettings = {
				ALWAYS_SEARCH_USER_PATHS = NO;
				CLANG_ANALYZER_NONNULL = YES;
				CLANG_CXX_LANGUAGE_STANDARD = "gnu++0x";
				CLANG_CXX_LIBRARY = "libc++";
				CLANG_ENABLE_MODULES = YES;
				CLANG_ENABLE_OBJC_ARC = YES;
				CLANG_WARN_BOOL_CONVERSION = YES;
				CLANG_WARN_CONSTANT_CONVERSION = YES;
				CLANG_WARN_DIRECT_OBJC_ISA_USAGE = YES_ERROR;
				CLANG_WARN_DOCUMENTATION_COMMENTS = YES;
				CLANG_WARN_EMPTY_BODY = YES;
				CLANG_WARN_ENUM_CONVERSION = YES;
				CLANG_WARN_INFINITE_RECURSION = YES;
				CLANG_WARN_INT_CONVERSION = YES;
				CLANG_WARN_OBJC_ROOT_CLASS = YES_ERROR;
				CLANG_WARN_SUSPICIOUS_MOVE = YES;
				CLANG_WARN_SUSPICIOUS_MOVES = YES;
				CLANG_WARN_UNREACHABLE_CODE = YES;
				CLANG_WARN__DUPLICATE_METHOD_MATCH = YES;
				"CODE_SIGN_IDENTITY[sdk=iphoneos*]" = "iPhone Developer";
				COPY_PHASE_STRIP = NO;
				DEBUG_INFORMATION_FORMAT = dwarf;
				ENABLE_STRICT_OBJC_MSGSEND = YES;
				ENABLE_TESTABILITY = YES;
				GCC_C_LANGUAGE_STANDARD = gnu99;
				GCC_DYNAMIC_NO_PIC = NO;
				GCC_NO_COMMON_BLOCKS = YES;
				GCC_OPTIMIZATION_LEVEL = 0;
				GCC_PREPROCESSOR_DEFINITIONS = (
					"DEBUG=1",
					"$(inherited)",
				);
				GCC_WARN_64_TO_32_BIT_CONVERSION = YES;
				GCC_WARN_ABOUT_RETURN_TYPE = YES_ERROR;
				GCC_WARN_UNDECLARED_SELECTOR = YES;
				GCC_WARN_UNINITIALIZED_AUTOS = YES_AGGRESSIVE;
				GCC_WARN_UNUSED_FUNCTION = YES;
				GCC_WARN_UNUSED_VARIABLE = YES;
				IPHONEOS_DEPLOYMENT_TARGET = 10.0;
				MTL_ENABLE_DEBUG_INFO = YES;
				ONLY_ACTIVE_ARCH = YES;
				SDKROOT = iphoneos;
				SWIFT_ACTIVE_COMPILATION_CONDITIONS = DEBUG;
				SWIFT_OPTIMIZATION_LEVEL = "-Onone";
			};
			name = Debug;
		};
		F45F516E1D7BFF07000C2A18 /* Release */ = {
			isa = XCBuildConfiguration;
			buildSettings = {
				ALWAYS_SEARCH_USER_PATHS = NO;
				CLANG_ANALYZER_NONNULL = YES;
				CLANG_CXX_LANGUAGE_STANDARD = "gnu++0x";
				CLANG_CXX_LIBRARY = "libc++";
				CLANG_ENABLE_MODULES = YES;
				CLANG_ENABLE_OBJC_ARC = YES;
				CLANG_WARN_BOOL_CONVERSION = YES;
				CLANG_WARN_CONSTANT_CONVERSION = YES;
				CLANG_WARN_DIRECT_OBJC_ISA_USAGE = YES_ERROR;
				CLANG_WARN_DOCUMENTATION_COMMENTS = YES;
				CLANG_WARN_EMPTY_BODY = YES;
				CLANG_WARN_ENUM_CONVERSION = YES;
				CLANG_WARN_INFINITE_RECURSION = YES;
				CLANG_WARN_INT_CONVERSION = YES;
				CLANG_WARN_OBJC_ROOT_CLASS = YES_ERROR;
				CLANG_WARN_SUSPICIOUS_MOVE = YES;
				CLANG_WARN_SUSPICIOUS_MOVES = YES;
				CLANG_WARN_UNREACHABLE_CODE = YES;
				CLANG_WARN__DUPLICATE_METHOD_MATCH = YES;
				"CODE_SIGN_IDENTITY[sdk=iphoneos*]" = "iPhone Developer";
				COPY_PHASE_STRIP = NO;
				DEBUG_INFORMATION_FORMAT = "dwarf-with-dsym";
				ENABLE_NS_ASSERTIONS = NO;
				ENABLE_STRICT_OBJC_MSGSEND = YES;
				GCC_C_LANGUAGE_STANDARD = gnu99;
				GCC_NO_COMMON_BLOCKS = YES;
				GCC_WARN_64_TO_32_BIT_CONVERSION = YES;
				GCC_WARN_ABOUT_RETURN_TYPE = YES_ERROR;
				GCC_WARN_UNDECLARED_SELECTOR = YES;
				GCC_WARN_UNINITIALIZED_AUTOS = YES_AGGRESSIVE;
				GCC_WARN_UNUSED_FUNCTION = YES;
				GCC_WARN_UNUSED_VARIABLE = YES;
				IPHONEOS_DEPLOYMENT_TARGET = 10.0;
				MTL_ENABLE_DEBUG_INFO = NO;
				SDKROOT = iphoneos;
				SWIFT_OPTIMIZATION_LEVEL = "-Owholemodule";
				VALIDATE_PRODUCT = YES;
			};
			name = Release;
		};
		F45F51701D7BFF07000C2A18 /* Debug */ = {
			isa = XCBuildConfiguration;
			baseConfigurationReference = B04FDC970C909F88F41FA239 /* Pods-Pokedex.debug.xcconfig */;
			buildSettings = {
				ASSETCATALOG_COMPILER_APPICON_NAME = AppIcon;
				DEVELOPMENT_TEAM = 7UVZ859XW8;
				INFOPLIST_FILE = Pokedex/Info.plist;
				IPHONEOS_DEPLOYMENT_TARGET = 10.0;
				LD_RUNPATH_SEARCH_PATHS = "$(inherited) @executable_path/Frameworks";
				PRODUCT_BUNDLE_IDENTIFIER = com.example.Pokedex;
				PRODUCT_NAME = "$(TARGET_NAME)";
				SWIFT_VERSION = 3.0;
			};
			name = Debug;
		};
		F45F51711D7BFF07000C2A18 /* Release */ = {
			isa = XCBuildConfiguration;
			baseConfigurationReference = D631E2BCB0CEF7FE0C91A710 /* Pods-Pokedex.release.xcconfig */;
			buildSettings = {
				ASSETCATALOG_COMPILER_APPICON_NAME = AppIcon;
				DEVELOPMENT_TEAM = 7UVZ859XW8;
				INFOPLIST_FILE = Pokedex/Info.plist;
				IPHONEOS_DEPLOYMENT_TARGET = 10.0;
				LD_RUNPATH_SEARCH_PATHS = "$(inherited) @executable_path/Frameworks";
				PRODUCT_BUNDLE_IDENTIFIER = com.example.Pokedex;
				PRODUCT_NAME = "$(TARGET_NAME)";
				SWIFT_VERSION = 3.0;
			};
			name = Release;
		};
/* End XCBuildConfiguration section */

/* Begin XCConfigurationList section */
		F45F51581D7BFF07000C2A18 /* Build configuration list for PBXProject "Pokedex" */ = {
			isa = XCConfigurationList;
			buildConfigurations = (
				F45F516D1D7BFF07000C2A18 /* Debug */,
				F45F516E1D7BFF07000C2A18 /* Release */,
			);
			defaultConfigurationIsVisible = 0;
			defaultConfigurationName = Release;
		};
		F45F516F1D7BFF07000C2A18 /* Build configuration list for PBXNativeTarget "Pokedex" */ = {
			isa = XCConfigurationList;
			buildConfigurations = (
				F45F51701D7BFF07000C2A18 /* Debug */,
				F45F51711D7BFF07000C2A18 /* Release */,
			);
			defaultConfigurationIsVisible = 0;
			defaultConfigurationName = Release;
		};
/* End XCConfigurationList section */
	};
	rootObject = F45F51551D7BFF07000C2A18 /* Project object */;
}
